
Microsoft Visual Studio Solution File, Format Version 12.00
# Visual Studio Version 17
VisualStudioVersion = 17.11.35222.181
MinimumVisualStudioVersion = 10.0.40219.1
Project("{9A19103F-16F7-4668-BE54-9A1E7A4F7556}") = "CategoryService", "CategoryService\CategoryService.csproj", "{829E9302-27EB-4DA3-9745-9F9C8EF116B3}"
EndProject
Project("{FAE04EC0-301F-11D3-BF4B-00C04F79EFBC}") = "TaskService", "TaskService\TaskService.csproj", "{2DB1DF5E-361B-DE1E-B098-0C03A1AECAC0}"
EndProject
Project("{2150E333-8FDC-42A3-9474-1A3956D46DE8}") = "Элементы решения", "Элементы решения", "{754FC069-D67B-A9D7-50A1-8D1CA196D8F1}"
	ProjectSection(SolutionItems) = preProject
		docker-compose.yml = docker-compose.yml
	EndProjectSection
EndProject
Global
	GlobalSection(SolutionConfigurationPlatforms) = preSolution
		Debug|Any CPU = Debug|Any CPU
		Release|Any CPU = Release|Any CPU
	EndGlobalSection
	GlobalSection(ProjectConfigurationPlatforms) = postSolution
		{829E9302-27EB-4DA3-9745-9F9C8EF116B3}.Debug|Any CPU.ActiveCfg = Debug|Any CPU
		{829E9302-27EB-4DA3-9745-9F9C8EF116B3}.Debug|Any CPU.Build.0 = Debug|Any CPU
		{829E9302-27EB-4DA3-9745-9F9C8EF116B3}.Release|Any CPU.ActiveCfg = Release|Any CPU
		{829E9302-27EB-4DA3-9745-9F9C8EF116B3}.Release|Any CPU.Build.0 = Release|Any CPU
		{2DB1DF5E-361B-DE1E-B098-0C03A1AECAC0}.Debug|Any CPU.ActiveCfg = Debug|Any CPU
		{2DB1DF5E-361B-DE1E-B098-0C03A1AECAC0}.Debug|Any CPU.Build.0 = Debug|Any CPU
		{2DB1DF5E-361B-DE1E-B098-0C03A1AECAC0}.Release|Any CPU.ActiveCfg = Release|Any CPU
		{2DB1DF5E-361B-DE1E-B098-0C03A1AECAC0}.Release|Any CPU.Build.0 = Release|Any CPU
	EndGlobalSection
	GlobalSection(SolutionProperties) = preSolution
		HideSolutionNode = FALSE
	EndGlobalSection
	GlobalSection(ExtensibilityGlobals) = postSolution
		SolutionGuid = {18D03814-CAA3-4D9C-9504-B2EEC0B287DF}
	EndGlobalSection
EndGlobal
